
Microsoft Visual Studio Solution File, Format Version 12.00
# Visual Studio Version 17
VisualStudioVersion = 17.14.36915.13 d17.14
MinimumVisualStudioVersion = 10.0.40219.1
Project("{FAE04EC0-301F-11D3-BF4B-00C04F79EFBC}") = "GameProgII_Interfaces_ZanderG", "GameProgII_Interfaces_ZanderG\GameProgII_Interfaces_ZanderG.csproj", "{24E5A0A4-CDF9-47E7-93FA-F852B109F1C6}"
EndProject
Global
	GlobalSection(SolutionConfigurationPlatforms) = preSolution
		Debug|Any CPU = Debug|Any CPU
		Release|Any CPU = Release|Any CPU
	EndGlobalSection
	GlobalSection(ProjectConfigurationPlatforms) = postSolution
		{24E5A0A4-CDF9-47E7-93FA-F852B109F1C6}.Debug|Any CPU.ActiveCfg = Debug|Any CPU
		{24E5A0A4-CDF9-47E7-93FA-F852B109F1C6}.Debug|Any CPU.Build.0 = Debug|Any CPU
		{24E5A0A4-CDF9-47E7-93FA-F852B109F1C6}.Release|Any CPU.ActiveCfg = Release|Any CPU
		{24E5A0A4-CDF9-47E7-93FA-F852B109F1C6}.Release|Any CPU.Build.0 = Release|Any CPU
	EndGlobalSection
	GlobalSection(SolutionProperties) = preSolution
		HideSolutionNode = FALSE
	EndGlobalSection
	GlobalSection(ExtensibilityGlobals) = postSolution
		SolutionGuid = {B0CAFB2E-5CFE-4EB9-845D-E4318838E054}
	EndGlobalSection
EndGlobal
